
Microsoft Visual Studio Solution File, Format Version 12.00
# Visual Studio Version 17
VisualStudioVersion = 17.0.31912.275
MinimumVisualStudioVersion = 10.0.40219.1
Project("{FAE04EC0-301F-11D3-BF4B-00C04F79EFBC}") = "API", "EntrevistaTecnicaEXP\API.csproj", "{8A533DB0-94C4-4844-8A1E-84EB49774609}"
EndProject
Project("{FAE04EC0-301F-11D3-BF4B-00C04F79EFBC}") = "Infrastructure", "Infrastructure\Infrastructure.csproj", "{6D5C6686-9A1B-4563-92A3-AC31DB24433A}"
EndProject
Project("{FAE04EC0-301F-11D3-BF4B-00C04F79EFBC}") = "Domain", "Domain\Domain.csproj", "{79ACAB65-9405-46B2-9F2C-5F6A70035D7E}"
EndProject
Global
	GlobalSection(SolutionConfigurationPlatforms) = preSolution
		Debug|Any CPU = Debug|Any CPU
		Release|Any CPU = Release|Any CPU
	EndGlobalSection
	GlobalSection(ProjectConfigurationPlatforms) = postSolution
		{8A533DB0-94C4-4844-8A1E-84EB49774609}.Debug|Any CPU.ActiveCfg = Debug|Any CPU
		{8A533DB0-94C4-4844-8A1E-84EB49774609}.Debug|Any CPU.Build.0 = Debug|Any CPU
		{8A533DB0-94C4-4844-8A1E-84EB49774609}.Release|Any CPU.ActiveCfg = Release|Any CPU
		{8A533DB0-94C4-4844-8A1E-84EB49774609}.Release|Any CPU.Build.0 = Release|Any CPU
		{6D5C6686-9A1B-4563-92A3-AC31DB24433A}.Debug|Any CPU.ActiveCfg = Debug|Any CPU
		{6D5C6686-9A1B-4563-92A3-AC31DB24433A}.Debug|Any CPU.Build.0 = Debug|Any CPU
		{6D5C6686-9A1B-4563-92A3-AC31DB24433A}.Release|Any CPU.ActiveCfg = Release|Any CPU
		{6D5C6686-9A1B-4563-92A3-AC31DB24433A}.Release|Any CPU.Build.0 = Release|Any CPU
		{79ACAB65-9405-46B2-9F2C-5F6A70035D7E}.Debug|Any CPU.ActiveCfg = Debug|Any CPU
		{79ACAB65-9405-46B2-9F2C-5F6A70035D7E}.Debug|Any CPU.Build.0 = Debug|Any CPU
		{79ACAB65-9405-46B2-9F2C-5F6A70035D7E}.Release|Any CPU.ActiveCfg = Release|Any CPU
		{79ACAB65-9405-46B2-9F2C-5F6A70035D7E}.Release|Any CPU.Build.0 = Release|Any CPU
	EndGlobalSection
	GlobalSection(SolutionProperties) = preSolution
		HideSolutionNode = FALSE
	EndGlobalSection
	GlobalSection(ExtensibilityGlobals) = postSolution
		SolutionGuid = {2B1050B0-938D-43E4-B13A-F28AF3BDC132}
	EndGlobalSection
EndGlobal
